
Microsoft Visual Studio Solution File, Format Version 12.00
# Visual Studio 2013
VisualStudioVersion = 12.0.31101.0
MinimumVisualStudioVersion = 10.0.40219.1
Project("{2150E333-8FDC-42A3-9474-1A3956D46DE8}") = ".nuget", ".nuget", "{87231EED-5E28-45C4-9AE7-E46F0319CDD5}"
	ProjectSection(SolutionItems) = preProject
		.nuget\NuGet.Config = .nuget\NuGet.Config
		.nuget\NuGet.exe = .nuget\NuGet.exe
		.nuget\NuGet.targets = .nuget\NuGet.targets
	EndProjectSection
EndProject
Project("{FAE04EC0-301F-11D3-BF4B-00C04F79EFBC}") = "Application", "Application\Application.csproj", "{CD5BB705-276C-432D-B4DC-1469039F7F63}"
EndProject
Global
	GlobalSection(SolutionConfigurationPlatforms) = preSolution
		Debug|Any CPU = Debug|Any CPU
		Release|Any CPU = Release|Any CPU
	EndGlobalSection
	GlobalSection(ProjectConfigurationPlatforms) = postSolution
		{CD5BB705-276C-432D-B4DC-1469039F7F63}.Debug|Any CPU.ActiveCfg = Debug|Any CPU
		{CD5BB705-276C-432D-B4DC-1469039F7F63}.Debug|Any CPU.Build.0 = Debug|Any CPU
		{CD5BB705-276C-432D-B4DC-1469039F7F63}.Release|Any CPU.ActiveCfg = Release|Any CPU
		{CD5BB705-276C-432D-B4DC-1469039F7F63}.Release|Any CPU.Build.0 = Release|Any CPU
	EndGlobalSection
	GlobalSection(SolutionProperties) = preSolution
		HideSolutionNode = FALSE
	EndGlobalSection
EndGlobal
